{
  "name": "packing-react-ssr",
  "version": "0.0.1-3",
  "lockfileVersion": 1,
  "requires": true,
  "dependencies": {
    "clone": {
      "version": "2.1.2",
      "resolved": "https://registry.npmjs.org/clone/-/clone-2.1.2.tgz",
      "integrity": "sha1-G39Ln1kfHo+DZwQBYANFoCiHQ18="
    },
    "ignore-loader": {
      "version": "0.1.2",
      "resolved": "https://registry.npmjs.org/ignore-loader/-/ignore-loader-0.1.2.tgz",
      "integrity": "sha1-2B8kA3bQuk8Nd4lyw60lh0EXpGM="
    }
  }
}
